
Microsoft Visual Studio Solution File, Format Version 12.00
# Visual Studio Version 17
VisualStudioVersion = 17.10.35027.167
MinimumVisualStudioVersion = 10.0.40219.1
Project("{9A19103F-16F7-4668-BE54-9A1E7A4F7556}") = "ResNet预训练模型", "ResNet预训练模型.csproj", "{256620F1-E5E9-4E98-9BBE-5D68D4F87B16}"
EndProject
Project("{9A19103F-16F7-4668-BE54-9A1E7A4F7556}") = "训练自己的模型", "..\训练自己的模型\训练自己的模型.csproj", "{A5DD8798-EBD9-4BCC-BE62-93D3C26657F5}"
EndProject
Global
	GlobalSection(SolutionConfigurationPlatforms) = preSolution
		Debug|Any CPU = Debug|Any CPU
		Release|Any CPU = Release|Any CPU
	EndGlobalSection
	GlobalSection(ProjectConfigurationPlatforms) = postSolution
		{256620F1-E5E9-4E98-9BBE-5D68D4F87B16}.Debug|Any CPU.ActiveCfg = Debug|Any CPU
		{256620F1-E5E9-4E98-9BBE-5D68D4F87B16}.Debug|Any CPU.Build.0 = Debug|Any CPU
		{256620F1-E5E9-4E98-9BBE-5D68D4F87B16}.Release|Any CPU.ActiveCfg = Release|Any CPU
		{256620F1-E5E9-4E98-9BBE-5D68D4F87B16}.Release|Any CPU.Build.0 = Release|Any CPU
		{A5DD8798-EBD9-4BCC-BE62-93D3C26657F5}.Debug|Any CPU.ActiveCfg = Debug|Any CPU
		{A5DD8798-EBD9-4BCC-BE62-93D3C26657F5}.Debug|Any CPU.Build.0 = Debug|Any CPU
		{A5DD8798-EBD9-4BCC-BE62-93D3C26657F5}.Release|Any CPU.ActiveCfg = Release|Any CPU
		{A5DD8798-EBD9-4BCC-BE62-93D3C26657F5}.Release|Any CPU.Build.0 = Release|Any CPU
	EndGlobalSection
	GlobalSection(SolutionProperties) = preSolution
		HideSolutionNode = FALSE
	EndGlobalSection
	GlobalSection(ExtensibilityGlobals) = postSolution
		SolutionGuid = {62242202-5B46-402C-95E3-247ECE8B367E}
	EndGlobalSection
EndGlobal
